
Microsoft Visual Studio Solution File, Format Version 12.00
# Visual Studio Version 17
VisualStudioVersion = 17.8.34316.72
MinimumVisualStudioVersion = 10.0.40219.1
Project("{9A19103F-16F7-4668-BE54-9A1E7A4F7556}") = "TJC.ConsoleApplication", "TJC.ConsoleApplication\TJC.ConsoleApplication.csproj", "{9B8BC7E8-DFF8-4C14-BDC3-60819E1F6861}"
EndProject
Project("{9A19103F-16F7-4668-BE54-9A1E7A4F7556}") = "TJC.ConsoleApplication.Tests", "TJC.ConsoleApplication.Tests\TJC.ConsoleApplication.Tests.csproj", "{4B1054AE-71AE-4518-AA8F-685DB72A2ADD}"
EndProject
Project("{9A19103F-16F7-4668-BE54-9A1E7A4F7556}") = "SampleConsoleApplication", "SampleConsoleApplication\SampleConsoleApplication.csproj", "{64C708D9-F39C-414C-8516-359A279A83A3}"
EndProject
Project("{2150E333-8FDC-42A3-9474-1A3956D46DE8}") = "Solution Items", "Solution Items", "{CE800927-FA9E-4856-B6B6-3A149E084C6D}"
	ProjectSection(SolutionItems) = preProject
		THIRD-PARTY-LICENSES = THIRD-PARTY-LICENSES
	EndProjectSection
EndProject
Global
	GlobalSection(SolutionConfigurationPlatforms) = preSolution
		Debug|Any CPU = Debug|Any CPU
		Release|Any CPU = Release|Any CPU
	EndGlobalSection
	GlobalSection(ProjectConfigurationPlatforms) = postSolution
		{9B8BC7E8-DFF8-4C14-BDC3-60819E1F6861}.Debug|Any CPU.ActiveCfg = Debug|Any CPU
		{9B8BC7E8-DFF8-4C14-BDC3-60819E1F6861}.Debug|Any CPU.Build.0 = Debug|Any CPU
		{9B8BC7E8-DFF8-4C14-BDC3-60819E1F6861}.Release|Any CPU.ActiveCfg = Release|Any CPU
		{9B8BC7E8-DFF8-4C14-BDC3-60819E1F6861}.Release|Any CPU.Build.0 = Release|Any CPU
		{4B1054AE-71AE-4518-AA8F-685DB72A2ADD}.Debug|Any CPU.ActiveCfg = Debug|Any CPU
		{4B1054AE-71AE-4518-AA8F-685DB72A2ADD}.Debug|Any CPU.Build.0 = Debug|Any CPU
		{4B1054AE-71AE-4518-AA8F-685DB72A2ADD}.Release|Any CPU.ActiveCfg = Release|Any CPU
		{4B1054AE-71AE-4518-AA8F-685DB72A2ADD}.Release|Any CPU.Build.0 = Release|Any CPU
		{64C708D9-F39C-414C-8516-359A279A83A3}.Debug|Any CPU.ActiveCfg = Debug|Any CPU
		{64C708D9-F39C-414C-8516-359A279A83A3}.Debug|Any CPU.Build.0 = Debug|Any CPU
		{64C708D9-F39C-414C-8516-359A279A83A3}.Release|Any CPU.ActiveCfg = Release|Any CPU
		{64C708D9-F39C-414C-8516-359A279A83A3}.Release|Any CPU.Build.0 = Release|Any CPU
	EndGlobalSection
	GlobalSection(SolutionProperties) = preSolution
		HideSolutionNode = FALSE
	EndGlobalSection
	GlobalSection(ExtensibilityGlobals) = postSolution
		SolutionGuid = {E4EDBF1A-872D-4554-84CD-9991556A9377}
	EndGlobalSection
EndGlobal
